
Microsoft Visual Studio Solution File, Format Version 12.00
# Visual Studio Version 17
VisualStudioVersion = 17.9.34622.214
MinimumVisualStudioVersion = 10.0.40219.1
Project("{9A19103F-16F7-4668-BE54-9A1E7A4F7556}") = "WPF_POS", "WPF_POS\WPF_POS.csproj", "{71479606-C54F-4159-8E56-D746E08C76B7}"
EndProject
Project("{9A19103F-16F7-4668-BE54-9A1E7A4F7556}") = "entitati", "..\POS\entitati\entitati.csproj", "{A9A34D3A-4A87-4B68-A42F-038084FF1E90}"
EndProject
Global
	GlobalSection(SolutionConfigurationPlatforms) = preSolution
		Debug|Any CPU = Debug|Any CPU
		Release|Any CPU = Release|Any CPU
	EndGlobalSection
	GlobalSection(ProjectConfigurationPlatforms) = postSolution
		{71479606-C54F-4159-8E56-D746E08C76B7}.Debug|Any CPU.ActiveCfg = Debug|Any CPU
		{71479606-C54F-4159-8E56-D746E08C76B7}.Debug|Any CPU.Build.0 = Debug|Any CPU
		{71479606-C54F-4159-8E56-D746E08C76B7}.Release|Any CPU.ActiveCfg = Release|Any CPU
		{71479606-C54F-4159-8E56-D746E08C76B7}.Release|Any CPU.Build.0 = Release|Any CPU
		{A9A34D3A-4A87-4B68-A42F-038084FF1E90}.Debug|Any CPU.ActiveCfg = Debug|Any CPU
		{A9A34D3A-4A87-4B68-A42F-038084FF1E90}.Debug|Any CPU.Build.0 = Debug|Any CPU
		{A9A34D3A-4A87-4B68-A42F-038084FF1E90}.Release|Any CPU.ActiveCfg = Release|Any CPU
		{A9A34D3A-4A87-4B68-A42F-038084FF1E90}.Release|Any CPU.Build.0 = Release|Any CPU
	EndGlobalSection
	GlobalSection(SolutionProperties) = preSolution
		HideSolutionNode = FALSE
	EndGlobalSection
	GlobalSection(ExtensibilityGlobals) = postSolution
		SolutionGuid = {3C2CA8F4-955D-417C-8AF5-1DDC52804F4B}
	EndGlobalSection
EndGlobal
